
Microsoft Visual Studio Solution File, Format Version 12.00
# Visual Studio 2012
Project("{FAE04EC0-301F-11D3-BF4B-00C04F79EFBC}") = "PayabbhiNet40", "net40\PayabbhiNet40.csproj", "{F20A98DC-94D8-4198-9D76-62B76793C7F2}"
EndProject
Project("{FAE04EC0-301F-11D3-BF4B-00C04F79EFBC}") = "PayabbhiTest40", "test\PayabbhiTest40.csproj", "{8533EAB8-CBA4-467C-AFA1-853F8F33EDE8}"
EndProject
Global
	GlobalSection(SolutionConfigurationPlatforms) = preSolution
		Debug|Any CPU = Debug|Any CPU
		Release|Any CPU = Release|Any CPU
		Debug|x86 = Debug|x86
		Release|x86 = Release|x86
	EndGlobalSection
	GlobalSection(ProjectConfigurationPlatforms) = postSolution
		{8533EAB8-CBA4-467C-AFA1-853F8F33EDE8}.Debug|Any CPU.ActiveCfg = Debug|Any CPU
		{8533EAB8-CBA4-467C-AFA1-853F8F33EDE8}.Debug|Any CPU.Build.0 = Debug|Any CPU
		{8533EAB8-CBA4-467C-AFA1-853F8F33EDE8}.Release|Any CPU.ActiveCfg = Release|Any CPU
		{8533EAB8-CBA4-467C-AFA1-853F8F33EDE8}.Release|Any CPU.Build.0 = Release|Any CPU
		{8533EAB8-CBA4-467C-AFA1-853F8F33EDE8}.Debug|x86.ActiveCfg = Debug|Any CPU
		{8533EAB8-CBA4-467C-AFA1-853F8F33EDE8}.Debug|x86.Build.0 = Debug|Any CPU
		{8533EAB8-CBA4-467C-AFA1-853F8F33EDE8}.Release|x86.ActiveCfg = Release|Any CPU
		{8533EAB8-CBA4-467C-AFA1-853F8F33EDE8}.Release|x86.Build.0 = Release|Any CPU
		{F20A98DC-94D8-4198-9D76-62B76793C7F2}.Debug|Any CPU.ActiveCfg = Debug|Any CPU
		{F20A98DC-94D8-4198-9D76-62B76793C7F2}.Debug|Any CPU.Build.0 = Debug|Any CPU
		{F20A98DC-94D8-4198-9D76-62B76793C7F2}.Release|Any CPU.ActiveCfg = Release|Any CPU
		{F20A98DC-94D8-4198-9D76-62B76793C7F2}.Release|Any CPU.Build.0 = Release|Any CPU
		{F20A98DC-94D8-4198-9D76-62B76793C7F2}.Debug|x86.ActiveCfg = Debug|Any CPU
		{F20A98DC-94D8-4198-9D76-62B76793C7F2}.Debug|x86.Build.0 = Debug|Any CPU
		{F20A98DC-94D8-4198-9D76-62B76793C7F2}.Release|x86.ActiveCfg = Release|Any CPU
		{F20A98DC-94D8-4198-9D76-62B76793C7F2}.Release|x86.Build.0 = Release|Any CPU
	EndGlobalSection
EndGlobal
